
Microsoft Visual Studio Solution File, Format Version 12.00
# Visual Studio 15
VisualStudioVersion = 15.0.28307.852
MinimumVisualStudioVersion = 10.0.40219.1
Project("{E24C65DC-7377-472B-9ABA-BC803B73C61A}") = "seminarka", "seminarka\", "{62821209-C27C-4493-ACB3-35281A210E60}"
	ProjectSection(WebsiteProperties) = preProject
		TargetFrameworkMoniker = ".NETFramework,Version%3Dv4.6.1"
		Debug.AspNetCompiler.VirtualPath = "/localhost_50527"
		Debug.AspNetCompiler.PhysicalPath = "seminarka\"
		Debug.AspNetCompiler.TargetPath = "PrecompiledWeb\localhost_50527\"
		Debug.AspNetCompiler.Updateable = "true"
		Debug.AspNetCompiler.ForceOverwrite = "true"
		Debug.AspNetCompiler.FixedNames = "false"
		Debug.AspNetCompiler.Debug = "True"
		Release.AspNetCompiler.VirtualPath = "/localhost_50527"
		Release.AspNetCompiler.PhysicalPath = "seminarka\"
		Release.AspNetCompiler.TargetPath = "PrecompiledWeb\localhost_50527\"
		Release.AspNetCompiler.Updateable = "true"
		Release.AspNetCompiler.ForceOverwrite = "true"
		Release.AspNetCompiler.FixedNames = "false"
		Release.AspNetCompiler.Debug = "False"
		VWDPort = "50527"
		SlnRelativePath = "seminarka\"
		DefaultWebSiteLanguage = "Visual C#"
	EndProjectSection
EndProject
Global
	GlobalSection(SolutionConfigurationPlatforms) = preSolution
		Debug|Any CPU = Debug|Any CPU
	EndGlobalSection
	GlobalSection(ProjectConfigurationPlatforms) = postSolution
		{62821209-C27C-4493-ACB3-35281A210E60}.Debug|Any CPU.ActiveCfg = Debug|Any CPU
		{62821209-C27C-4493-ACB3-35281A210E60}.Debug|Any CPU.Build.0 = Debug|Any CPU
	EndGlobalSection
	GlobalSection(SolutionProperties) = preSolution
		HideSolutionNode = FALSE
	EndGlobalSection
	GlobalSection(ExtensibilityGlobals) = postSolution
		SolutionGuid = {DC7DB5D3-9580-4675-A379-C0C8CE7ED0B1}
	EndGlobalSection
EndGlobal
